// !$*UTF8*$!
{
	archiveVersion = 1;
	classes = {
	};
	objectVersion = 55;
	objects = {

/* Begin PBXBuildFile section */
		A85194B0288ED4FA00CA2117 /* AppDelegate.swift in Sources */ = {isa = PBXBuildFile; fileRef = A85194AF288ED4FA00CA2117 /* AppDelegate.swift */; };
		A85194B2288ED4FA00CA2117 /* SceneDelegate.swift in Sources */ = {isa = PBXBuildFile; fileRef = A85194B1288ED4FA00CA2117 /* SceneDelegate.swift */; };
		A85194B7288ED4FA00CA2117 /* Main.storyboard in Resources */ = {isa = PBXBuildFile; fileRef = A85194B5288ED4FA00CA2117 /* Main.storyboard */; };
		A85194B9288ED4FC00CA2117 /* Assets.xcassets in Resources */ = {isa = PBXBuildFile; fileRef = A85194B8288ED4FC00CA2117 /* Assets.xcassets */; };
		A85194BC288ED4FC00CA2117 /* LaunchScreen.storyboard in Resources */ = {isa = PBXBuildFile; fileRef = A85194BA288ED4FC00CA2117 /* LaunchScreen.storyboard */; };
		A85194C6288ED58000CA2117 /* ToDoListViewController.swift in Sources */ = {isa = PBXBuildFile; fileRef = A85194C5288ED58000CA2117 /* ToDoListViewController.swift */; };
		A85194C8288ED58E00CA2117 /* AddItemViewController.swift in Sources */ = {isa = PBXBuildFile; fileRef = A85194C7288ED58E00CA2117 /* AddItemViewController.swift */; };
		A85194CA288ED59F00CA2117 /* ToDoItemTableViewCell.swift in Sources */ = {isa = PBXBuildFile; fileRef = A85194C9288ED59F00CA2117 /* ToDoItemTableViewCell.swift */; };
		A85194CD288ED7EA00CA2117 /* ToDoService.swift in Sources */ = {isa = PBXBuildFile; fileRef = A85194CC288ED7EA00CA2117 /* ToDoService.swift */; };
		A85194D0288ED91500CA2117 /* ToDo.swift in Sources */ = {isa = PBXBuildFile; fileRef = A85194CF288ED91500CA2117 /* ToDo.swift */; };
		A85194D4288EECE600CA2117 /* Toggable.swift in Sources */ = {isa = PBXBuildFile; fileRef = A85194D3288EECE600CA2117 /* Toggable.swift */; };
		A85194D6288EECF100CA2117 /* ToDoServiceImpl.swift in Sources */ = {isa = PBXBuildFile; fileRef = A85194D5288EECF100CA2117 /* ToDoServiceImpl.swift */; };
		A85194D8288EFE2800CA2117 /* Repository.swift in Sources */ = {isa = PBXBuildFile; fileRef = A85194D7288EFE2800CA2117 /* Repository.swift */; };
		A85194DA288EFE9100CA2117 /* UserDefaultRepository.swift in Sources */ = {isa = PBXBuildFile; fileRef = A85194D9288EFE9100CA2117 /* UserDefaultRepository.swift */; };
		BED21B64D8F18CE644C466A2 /* Pods_POP.framework in Frameworks */ = {isa = PBXBuildFile; fileRef = E2761146D4356F17DCE93FFD /* Pods_POP.framework */; };
/* End PBXBuildFile section */

/* Begin PBXFileReference section */
		94853FCB6D4FED2CB322AEB9 /* Pods-POP.debug.xcconfig */ = {isa = PBXFileReference; includeInIndex = 1; lastKnownFileType = text.xcconfig; name = "Pods-POP.debug.xcconfig"; path = "Target Support Files/Pods-POP/Pods-POP.debug.xcconfig"; sourceTree = "<group>"; };
		95631C6E3FED21FFADC9E5C3 /* Pods-POP.release.xcconfig */ = {isa = PBXFileReference; includeInIndex = 1; lastKnownFileType = text.xcconfig; name = "Pods-POP.release.xcconfig"; path = "Target Support Files/Pods-POP/Pods-POP.release.xcconfig"; sourceTree = "<group>"; };
		A85194AC288ED4FA00CA2117 /* POP.app */ = {isa = PBXFileReference; explicitFileType = wrapper.application; includeInIndex = 0; path = POP.app; sourceTree = BUILT_PRODUCTS_DIR; };
		A85194AF288ED4FA00CA2117 /* AppDelegate.swift */ = {isa = PBXFileReference; lastKnownFileType = sourcecode.swift; path = AppDelegate.swift; sourceTree = "<group>"; };
		A85194B1288ED4FA00CA2117 /* SceneDelegate.swift */ = {isa = PBXFileReference; lastKnownFileType = sourcecode.swift; path = SceneDelegate.swift; sourceTree = "<group>"; };
		A85194B6288ED4FA00CA2117 /* Base */ = {isa = PBXFileReference; lastKnownFileType = file.storyboard; name = Base; path = Base.lproj/Main.storyboard; sourceTree = "<group>"; };
		A85194B8288ED4FC00CA2117 /* Assets.xcassets */ = {isa = PBXFileReference; lastKnownFileType = folder.assetcatalog; path = Assets.xcassets; sourceTree = "<group>"; };
		A85194BB288ED4FC00CA2117 /* Base */ = {isa = PBXFileReference; lastKnownFileType = file.storyboard; name = Base; path = Base.lproj/LaunchScreen.storyboard; sourceTree = "<group>"; };
		A85194BD288ED4FC00CA2117 /* Info.plist */ = {isa = PBXFileReference; lastKnownFileType = text.plist.xml; path = Info.plist; sourceTree = "<group>"; };
		A85194C5288ED58000CA2117 /* ToDoListViewController.swift */ = {isa = PBXFileReference; lastKnownFileType = sourcecode.swift; path = ToDoListViewController.swift; sourceTree = "<group>"; };
		A85194C7288ED58E00CA2117 /* AddItemViewController.swift */ = {isa = PBXFileReference; lastKnownFileType = sourcecode.swift; path = AddItemViewController.swift; sourceTree = "<group>"; };
		A85194C9288ED59F00CA2117 /* ToDoItemTableViewCell.swift */ = {isa = PBXFileReference; lastKnownFileType = sourcecode.swift; path = ToDoItemTableViewCell.swift; sourceTree = "<group>"; };
		A85194CC288ED7EA00CA2117 /* ToDoService.swift */ = {isa = PBXFileReference; lastKnownFileType = sourcecode.swift; path = ToDoService.swift; sourceTree = "<group>"; };
		A85194CF288ED91500CA2117 /* ToDo.swift */ = {isa = PBXFileReference; lastKnownFileType = sourcecode.swift; path = ToDo.swift; sourceTree = "<group>"; };
		A85194D3288EECE600CA2117 /* Toggable.swift */ = {isa = PBXFileReference; lastKnownFileType = sourcecode.swift; path = Toggable.swift; sourceTree = "<group>"; };
		A85194D5288EECF100CA2117 /* ToDoServiceImpl.swift */ = {isa = PBXFileReference; lastKnownFileType = sourcecode.swift; path = ToDoServiceImpl.swift; sourceTree = "<group>"; };
		A85194D7288EFE2800CA2117 /* Repository.swift */ = {isa = PBXFileReference; lastKnownFileType = sourcecode.swift; path = Repository.swift; sourceTree = "<group>"; };
		A85194D9288EFE9100CA2117 /* UserDefaultRepository.swift */ = {isa = PBXFileReference; lastKnownFileType = sourcecode.swift; path = UserDefaultRepository.swift; sourceTree = "<group>"; };
		E2761146D4356F17DCE93FFD /* Pods_POP.framework */ = {isa = PBXFileReference; explicitFileType = wrapper.framework; includeInIndex = 0; path = Pods_POP.framework; sourceTree = BUILT_PRODUCTS_DIR; };
/* End PBXFileReference section */

/* Begin PBXFrameworksBuildPhase section */
		A85194A9288ED4FA00CA2117 /* Frameworks */ = {
			isa = PBXFrameworksBuildPhase;
			buildActionMask = 2147483647;
			files = (
				BED21B64D8F18CE644C466A2 /* Pods_POP.framework in Frameworks */,
			);
			runOnlyForDeploymentPostprocessing = 0;
		};
/* End PBXFrameworksBuildPhase section */

/* Begin PBXGroup section */
		19E5E77099C89B088497E485 /* Pods */ = {
			isa = PBXGroup;
			children = (
				94853FCB6D4FED2CB322AEB9 /* Pods-POP.debug.xcconfig */,
				95631C6E3FED21FFADC9E5C3 /* Pods-POP.release.xcconfig */,
			);
			path = Pods;
			sourceTree = "<group>";
		};
		99CCF24DF5A31543DBDC055F /* Frameworks */ = {
			isa = PBXGroup;
			children = (
				E2761146D4356F17DCE93FFD /* Pods_POP.framework */,
			);
			name = Frameworks;
			sourceTree = "<group>";
		};
		A85194A3288ED4FA00CA2117 = {
			isa = PBXGroup;
			children = (
				A85194AE288ED4FA00CA2117 /* POP */,
				A85194D9288EFE9100CA2117 /* UserDefaultRepository.swift */,
				A85194AD288ED4FA00CA2117 /* Products */,
				19E5E77099C89B088497E485 /* Pods */,
				99CCF24DF5A31543DBDC055F /* Frameworks */,
			);
			sourceTree = "<group>";
		};
		A85194AD288ED4FA00CA2117 /* Products */ = {
			isa = PBXGroup;
			children = (
				A85194AC288ED4FA00CA2117 /* POP.app */,
			);
			name = Products;
			sourceTree = "<group>";
		};
		A85194AE288ED4FA00CA2117 /* POP */ = {
			isa = PBXGroup;
			children = (
				A85194C3288ED50600CA2117 /* AppDelegates */,
				A85194C4288ED51800CA2117 /* Support Files */,
				A85194CB288ED5B300CA2117 /* Views */,
				A85194CE288ED80400CA2117 /* Domain */,
			);
			path = POP;
			sourceTree = "<group>";
		};
		A85194C3288ED50600CA2117 /* AppDelegates */ = {
			isa = PBXGroup;
			children = (
				A85194AF288ED4FA00CA2117 /* AppDelegate.swift */,
				A85194B1288ED4FA00CA2117 /* SceneDelegate.swift */,
			);
			path = AppDelegates;
			sourceTree = "<group>";
		};
		A85194C4288ED51800CA2117 /* Support Files */ = {
			isa = PBXGroup;
			children = (
				A85194B5288ED4FA00CA2117 /* Main.storyboard */,
				A85194B8288ED4FC00CA2117 /* Assets.xcassets */,
				A85194BA288ED4FC00CA2117 /* LaunchScreen.storyboard */,
				A85194BD288ED4FC00CA2117 /* Info.plist */,
			);
			path = "Support Files";
			sourceTree = "<group>";
		};
		A85194CB288ED5B300CA2117 /* Views */ = {
			isa = PBXGroup;
			children = (
				A85194C5288ED58000CA2117 /* ToDoListViewController.swift */,
				A85194C7288ED58E00CA2117 /* AddItemViewController.swift */,
				A85194C9288ED59F00CA2117 /* ToDoItemTableViewCell.swift */,
			);
			path = Views;
			sourceTree = "<group>";
		};
		A85194CE288ED80400CA2117 /* Domain */ = {
			isa = PBXGroup;
			children = (
				A85194CC288ED7EA00CA2117 /* ToDoService.swift */,
				A85194CF288ED91500CA2117 /* ToDo.swift */,
				A85194D3288EECE600CA2117 /* Toggable.swift */,
				A85194D5288EECF100CA2117 /* ToDoServiceImpl.swift */,
				A85194D7288EFE2800CA2117 /* Repository.swift */,
			);
			path = Domain;
			sourceTree = "<group>";
		};
/* End PBXGroup section */

/* Begin PBXNativeTarget section */
		A85194AB288ED4FA00CA2117 /* POP */ = {
			isa = PBXNativeTarget;
			buildConfigurationList = A85194C0288ED4FC00CA2117 /* Build configuration list for PBXNativeTarget "POP" */;
			buildPhases = (
				1B9BB90B8626D8BC107419B4 /* [CP] Check Pods Manifest.lock */,
				A85194A8288ED4FA00CA2117 /* Sources */,
				A85194A9288ED4FA00CA2117 /* Frameworks */,
				A85194AA288ED4FA00CA2117 /* Resources */,
				80CF7AACA84E745CD22A45C7 /* [CP] Embed Pods Frameworks */,
			);
			buildRules = (
			);
			dependencies = (
			);
			name = POP;
			productName = POP;
			productReference = A85194AC288ED4FA00CA2117 /* POP.app */;
			productType = "com.apple.product-type.application";
		};
/* End PBXNativeTarget section */

/* Begin PBXProject section */
		A85194A4288ED4FA00CA2117 /* Project object */ = {
			isa = PBXProject;
			attributes = {
				BuildIndependentTargetsInParallel = 1;
				LastSwiftUpdateCheck = 1340;
				LastUpgradeCheck = 1340;
				TargetAttributes = {
					A85194AB288ED4FA00CA2117 = {
						CreatedOnToolsVersion = 13.4.1;
					};
				};
			};
			buildConfigurationList = A85194A7288ED4FA00CA2117 /* Build configuration list for PBXProject "POP" */;
			compatibilityVersion = "Xcode 13.0";
			developmentRegion = en;
			hasScannedForEncodings = 0;
			knownRegions = (
				en,
				Base,
			);
			mainGroup = A85194A3288ED4FA00CA2117;
			productRefGroup = A85194AD288ED4FA00CA2117 /* Products */;
			projectDirPath = "";
			projectRoot = "";
			targets = (
				A85194AB288ED4FA00CA2117 /* POP */,
			);
		};
/* End PBXProject section */

/* Begin PBXResourcesBuildPhase section */
		A85194AA288ED4FA00CA2117 /* Resources */ = {
			isa = PBXResourcesBuildPhase;
			buildActionMask = 2147483647;
			files = (
				A85194BC288ED4FC00CA2117 /* LaunchScreen.storyboard in Resources */,
				A85194B9288ED4FC00CA2117 /* Assets.xcassets in Resources */,
				A85194B7288ED4FA00CA2117 /* Main.storyboard in Resources */,
			);
			runOnlyForDeploymentPostprocessing = 0;
		};
/* End PBXResourcesBuildPhase section */

/* Begin PBXShellScriptBuildPhase section */
		1B9BB90B8626D8BC107419B4 /* [CP] Check Pods Manifest.lock */ = {
			isa = PBXShellScriptBuildPhase;
			buildActionMask = 2147483647;
			files = (
			);
			inputFileListPaths = (
			);
			inputPaths = (
				"${PODS_PODFILE_DIR_PATH}/Podfile.lock",
				"${PODS_ROOT}/Manifest.lock",
			);
			name = "[CP] Check Pods Manifest.lock";
			outputFileListPaths = (
			);
			outputPaths = (
				"$(DERIVED_FILE_DIR)/Pods-POP-checkManifestLockResult.txt",
			);
			runOnlyForDeploymentPostprocessing = 0;
			shellPath = /bin/sh;
			shellScript = "diff \"${PODS_PODFILE_DIR_PATH}/Podfile.lock\" \"${PODS_ROOT}/Manifest.lock\" > /dev/null\nif [ $? != 0 ] ; then\n    # print error to STDERR\n    echo \"error: The sandbox is not in sync with the Podfile.lock. Run 'pod install' or update your CocoaPods installation.\" >&2\n    exit 1\nfi\n# This output is used by Xcode 'outputs' to avoid re-running this script phase.\necho \"SUCCESS\" > \"${SCRIPT_OUTPUT_FILE_0}\"\n";
			showEnvVarsInLog = 0;
		};
		80CF7AACA84E745CD22A45C7 /* [CP] Embed Pods Frameworks */ = {
			isa = PBXShellScriptBuildPhase;
			buildActionMask = 2147483647;
			files = (
			);
			inputFileListPaths = (
				"${PODS_ROOT}/Target Support Files/Pods-POP/Pods-POP-frameworks-${CONFIGURATION}-input-files.xcfilelist",
			);
			name = "[CP] Embed Pods Frameworks";
			outputFileListPaths = (
				"${PODS_ROOT}/Target Support Files/Pods-POP/Pods-POP-frameworks-${CONFIGURATION}-output-files.xcfilelist",
			);
			runOnlyForDeploymentPostprocessing = 0;
			shellPath = /bin/sh;
			shellScript = "\"${PODS_ROOT}/Target Support Files/Pods-POP/Pods-POP-frameworks.sh\"\n";
			showEnvVarsInLog = 0;
		};
/* End PBXShellScriptBuildPhase section */

/* Begin PBXSourcesBuildPhase section */
		A85194A8288ED4FA00CA2117 /* Sources */ = {
			isa = PBXSourcesBuildPhase;
			buildActionMask = 2147483647;
			files = (
				A85194B0288ED4FA00CA2117 /* AppDelegate.swift in Sources */,
				A85194D0288ED91500CA2117 /* ToDo.swift in Sources */,
				A85194C8288ED58E00CA2117 /* AddItemViewController.swift in Sources */,
				A85194C6288ED58000CA2117 /* ToDoListViewController.swift in Sources */,
				A85194CD288ED7EA00CA2117 /* ToDoService.swift in Sources */,
				A85194B2288ED4FA00CA2117 /* SceneDelegate.swift in Sources */,
				A85194D4288EECE600CA2117 /* Toggable.swift in Sources */,
				A85194D8288EFE2800CA2117 /* Repository.swift in Sources */,
				A85194CA288ED59F00CA2117 /* ToDoItemTableViewCell.swift in Sources */,
				A85194D6288EECF100CA2117 /* ToDoServiceImpl.swift in Sources */,
				A85194DA288EFE9100CA2117 /* UserDefaultRepository.swift in Sources */,
			);
			runOnlyForDeploymentPostprocessing = 0;
		};
/* End PBXSourcesBuildPhase section */

/* Begin PBXVariantGroup section */
		A85194B5288ED4FA00CA2117 /* Main.storyboard */ = {
			isa = PBXVariantGroup;
			children = (
				A85194B6288ED4FA00CA2117 /* Base */,
			);
			name = Main.storyboard;
			sourceTree = "<group>";
		};
		A85194BA288ED4FC00CA2117 /* LaunchScreen.storyboard */ = {
			isa = PBXVariantGroup;
			children = (
				A85194BB288ED4FC00CA2117 /* Base */,
			);
			name = LaunchScreen.storyboard;
			sourceTree = "<group>";
		};
/* End PBXVariantGroup section */

/* Begin XCBuildConfiguration section */
		A85194BE288ED4FC00CA2117 /* Debug */ = {
			isa = XCBuildConfiguration;
			buildSettings = {
				ALWAYS_SEARCH_USER_PATHS = NO;
				CLANG_ANALYZER_NONNULL = YES;
				CLANG_ANALYZER_NUMBER_OBJECT_CONVERSION = YES_AGGRESSIVE;
				CLANG_CXX_LANGUAGE_STANDARD = "gnu++17";
				CLANG_ENABLE_MODULES = YES;
				CLANG_ENABLE_OBJC_ARC = YES;
				CLANG_ENABLE_OBJC_WEAK = YES;
				CLANG_WARN_BLOCK_CAPTURE_AUTORELEASING = YES;
				CLANG_WARN_BOOL_CONVERSION = YES;
				CLANG_WARN_COMMA = YES;
				CLANG_WARN_CONSTANT_CONVERSION = YES;
				CLANG_WARN_DEPRECATED_OBJC_IMPLEMENTATIONS = YES;
				CLANG_WARN_DIRECT_OBJC_ISA_USAGE = YES_ERROR;
				CLANG_WARN_DOCUMENTATION_COMMENTS = YES;
				CLANG_WARN_EMPTY_BODY = YES;
				CLANG_WARN_ENUM_CONVERSION = YES;
				CLANG_WARN_INFINITE_RECURSION = YES;
				CLANG_WARN_INT_CONVERSION = YES;
				CLANG_WARN_NON_LITERAL_NULL_CONVERSION = YES;
				CLANG_WARN_OBJC_IMPLICIT_RETAIN_SELF = YES;
				CLANG_WARN_OBJC_LITERAL_CONVERSION = YES;
				CLANG_WARN_OBJC_ROOT_CLASS = YES_ERROR;
				CLANG_WARN_QUOTED_INCLUDE_IN_FRAMEWORK_HEADER = YES;
				CLANG_WARN_RANGE_LOOP_ANALYSIS = YES;
				CLANG_WARN_STRICT_PROTOTYPES = YES;
				CLANG_WARN_SUSPICIOUS_MOVE = YES;
				CLANG_WARN_UNGUARDED_AVAILABILITY = YES_AGGRESSIVE;
				CLANG_WARN_UNREACHABLE_CODE = YES;
				CLANG_WARN__DUPLICATE_METHOD_MATCH = YES;
				COPY_PHASE_STRIP = NO;
				DEBUG_INFORMATION_FORMAT = dwarf;
				ENABLE_STRICT_OBJC_MSGSEND = YES;
				ENABLE_TESTABILITY = YES;
				GCC_C_LANGUAGE_STANDARD = gnu11;
				GCC_DYNAMIC_NO_PIC = NO;
				GCC_NO_COMMON_BLOCKS = YES;
				GCC_OPTIMIZATION_LEVEL = 0;
				GCC_PREPROCESSOR_DEFINITIONS = (
					"DEBUG=1",
					"$(inherited)",
				);
				GCC_WARN_64_TO_32_BIT_CONVERSION = YES;
				GCC_WARN_ABOUT_RETURN_TYPE = YES_ERROR;
				GCC_WARN_UNDECLARED_SELECTOR = YES;
				GCC_WARN_UNINITIALIZED_AUTOS = YES_AGGRESSIVE;
				GCC_WARN_UNUSED_FUNCTION = YES;
				GCC_WARN_UNUSED_VARIABLE = YES;
				IPHONEOS_DEPLOYMENT_TARGET = 15.5;
				MTL_ENABLE_DEBUG_INFO = INCLUDE_SOURCE;
				MTL_FAST_MATH = YES;
				ONLY_ACTIVE_ARCH = YES;
				SDKROOT = iphoneos;
				SWIFT_ACTIVE_COMPILATION_CONDITIONS = DEBUG;
				SWIFT_OPTIMIZATION_LEVEL = "-Onone";
			};
			name = Debug;
		};
		A85194BF288ED4FC00CA2117 /* Release */ = {
			isa = XCBuildConfiguration;
			buildSettings = {
				ALWAYS_SEARCH_USER_PATHS = NO;
				CLANG_ANALYZER_NONNULL = YES;
				CLANG_ANALYZER_NUMBER_OBJECT_CONVERSION = YES_AGGRESSIVE;
				CLANG_CXX_LANGUAGE_STANDARD = "gnu++17";
				CLANG_ENABLE_MODULES = YES;
				CLANG_ENABLE_OBJC_ARC = YES;
				CLANG_ENABLE_OBJC_WEAK = YES;
				CLANG_WARN_BLOCK_CAPTURE_AUTORELEASING = YES;
				CLANG_WARN_BOOL_CONVERSION = YES;
				CLANG_WARN_COMMA = YES;
				CLANG_WARN_CONSTANT_CONVERSION = YES;
				CLANG_WARN_DEPRECATED_OBJC_IMPLEMENTATIONS = YES;
				CLANG_WARN_DIRECT_OBJC_ISA_USAGE = YES_ERROR;
				CLANG_WARN_DOCUMENTATION_COMMENTS = YES;
				CLANG_WARN_EMPTY_BODY = YES;
				CLANG_WARN_ENUM_CONVERSION = YES;
				CLANG_WARN_INFINITE_RECURSION = YES;
				CLANG_WARN_INT_CONVERSION = YES;
				CLANG_WARN_NON_LITERAL_NULL_CONVERSION = YES;
				CLANG_WARN_OBJC_IMPLICIT_RETAIN_SELF = YES;
				CLANG_WARN_OBJC_LITERAL_CONVERSION = YES;
				CLANG_WARN_OBJC_ROOT_CLASS = YES_ERROR;
				CLANG_WARN_QUOTED_INCLUDE_IN_FRAMEWORK_HEADER = YES;
				CLANG_WARN_RANGE_LOOP_ANALYSIS = YES;
				CLANG_WARN_STRICT_PROTOTYPES = YES;
				CLANG_WARN_SUSPICIOUS_MOVE = YES;
				CLANG_WARN_UNGUARDED_AVAILABILITY = YES_AGGRESSIVE;
				CLANG_WARN_UNREACHABLE_CODE = YES;
				CLANG_WARN__DUPLICATE_METHOD_MATCH = YES;
				COPY_PHASE_STRIP = NO;
				DEBUG_INFORMATION_FORMAT = "dwarf-with-dsym";
				ENABLE_NS_ASSERTIONS = NO;
				ENABLE_STRICT_OBJC_MSGSEND = YES;
				GCC_C_LANGUAGE_STANDARD = gnu11;
				GCC_NO_COMMON_BLOCKS = YES;
				GCC_WARN_64_TO_32_BIT_CONVERSION = YES;
				GCC_WARN_ABOUT_RETURN_TYPE = YES_ERROR;
				GCC_WARN_UNDECLARED_SELECTOR = YES;
				GCC_WARN_UNINITIALIZED_AUTOS = YES_AGGRESSIVE;
				GCC_WARN_UNUSED_FUNCTION = YES;
				GCC_WARN_UNUSED_VARIABLE = YES;
				IPHONEOS_DEPLOYMENT_TARGET = 15.5;
				MTL_ENABLE_DEBUG_INFO = NO;
				MTL_FAST_MATH = YES;
				SDKROOT = iphoneos;
				SWIFT_COMPILATION_MODE = wholemodule;
				SWIFT_OPTIMIZATION_LEVEL = "-O";
				VALIDATE_PRODUCT = YES;
			};
			name = Release;
		};
		A85194C1288ED4FC00CA2117 /* Debug */ = {
			isa = XCBuildConfiguration;
			baseConfigurationReference = 94853FCB6D4FED2CB322AEB9 /* Pods-POP.debug.xcconfig */;
			buildSettings = {
				ASSETCATALOG_COMPILER_APPICON_NAME = AppIcon;
				ASSETCATALOG_COMPILER_GLOBAL_ACCENT_COLOR_NAME = AccentColor;
				CODE_SIGN_STYLE = Automatic;
				CURRENT_PROJECT_VERSION = 1;
				DEVELOPMENT_TEAM = HBXK2UB5Z3;
				GENERATE_INFOPLIST_FILE = YES;
				INFOPLIST_FILE = "POP/Support Files/Info.plist";
				INFOPLIST_KEY_UIApplicationSupportsIndirectInputEvents = YES;
				INFOPLIST_KEY_UILaunchStoryboardName = LaunchScreen;
				INFOPLIST_KEY_UIMainStoryboardFile = Main;
				INFOPLIST_KEY_UISupportedInterfaceOrientations_iPad = "UIInterfaceOrientationPortrait UIInterfaceOrientationPortraitUpsideDown UIInterfaceOrientationLandscapeLeft UIInterfaceOrientationLandscapeRight";
				INFOPLIST_KEY_UISupportedInterfaceOrientations_iPhone = "UIInterfaceOrientationPortrait UIInterfaceOrientationLandscapeLeft UIInterfaceOrientationLandscapeRight";
				LD_RUNPATH_SEARCH_PATHS = (
					"$(inherited)",
					"@executable_path/Frameworks",
				);
				MARKETING_VERSION = 1.0;
				PRODUCT_BUNDLE_IDENTIFIER = dev.kickbell.POP;
				PRODUCT_NAME = "$(TARGET_NAME)";
				SWIFT_EMIT_LOC_STRINGS = YES;
				SWIFT_VERSION = 5.0;
				TARGETED_DEVICE_FAMILY = "1,2";
			};
			name = Debug;
		};
		A85194C2288ED4FC00CA2117 /* Release */ = {
			isa = XCBuildConfiguration;
			baseConfigurationReference = 95631C6E3FED21FFADC9E5C3 /* Pods-POP.release.xcconfig */;
			buildSettings = {
				ASSETCATALOG_COMPILER_APPICON_NAME = AppIcon;
				ASSETCATALOG_COMPILER_GLOBAL_ACCENT_COLOR_NAME = AccentColor;
				CODE_SIGN_STYLE = Automatic;
				CURRENT_PROJECT_VERSION = 1;
				DEVELOPMENT_TEAM = HBXK2UB5Z3;
				GENERATE_INFOPLIST_FILE = YES;
				INFOPLIST_FILE = "POP/Support Files/Info.plist";
				INFOPLIST_KEY_UIApplicationSupportsIndirectInputEvents = YES;
				INFOPLIST_KEY_UILaunchStoryboardName = LaunchScreen;
				INFOPLIST_KEY_UIMainStoryboardFile = Main;
				INFOPLIST_KEY_UISupportedInterfaceOrientations_iPad = "UIInterfaceOrientationPortrait UIInterfaceOrientationPortraitUpsideDown UIInterfaceOrientationLandscapeLeft UIInterfaceOrientationLandscapeRight";
				INFOPLIST_KEY_UISupportedInterfaceOrientations_iPhone = "UIInterfaceOrientationPortrait UIInterfaceOrientationLandscapeLeft UIInterfaceOrientationLandscapeRight";
				LD_RUNPATH_SEARCH_PATHS = (
					"$(inherited)",
					"@executable_path/Frameworks",
				);
				MARKETING_VERSION = 1.0;
				PRODUCT_BUNDLE_IDENTIFIER = dev.kickbell.POP;
				PRODUCT_NAME = "$(TARGET_NAME)";
				SWIFT_EMIT_LOC_STRINGS = YES;
				SWIFT_VERSION = 5.0;
				TARGETED_DEVICE_FAMILY = "1,2";
			};
			name = Release;
		};
/* End XCBuildConfiguration section */

/* Begin XCConfigurationList section */
		A85194A7288ED4FA00CA2117 /* Build configuration list for PBXProject "POP" */ = {
			isa = XCConfigurationList;
			buildConfigurations = (
				A85194BE288ED4FC00CA2117 /* Debug */,
				A85194BF288ED4FC00CA2117 /* Release */,
			);
			defaultConfigurationIsVisible = 0;
			defaultConfigurationName = Release;
		};
		A85194C0288ED4FC00CA2117 /* Build configuration list for PBXNativeTarget "POP" */ = {
			isa = XCConfigurationList;
			buildConfigurations = (
				A85194C1288ED4FC00CA2117 /* Debug */,
				A85194C2288ED4FC00CA2117 /* Release */,
			);
			defaultConfigurationIsVisible = 0;
			defaultConfigurationName = Release;
		};
/* End XCConfigurationList section */
	};
	rootObject = A85194A4288ED4FA00CA2117 /* Project object */;
}
